
Microsoft Visual Studio Solution File, Format Version 12.00
# Visual Studio 15
VisualStudioVersion = 15.0.27703.2042
MinimumVisualStudioVersion = 10.0.40219.1
Project("{FAE04EC0-301F-11D3-BF4B-00C04F79EFBC}") = "Bai03", "Bai03\Bai03.csproj", "{41519E05-24E4-4D87-9DA5-84103D787506}"
EndProject
Project("{FAE04EC0-301F-11D3-BF4B-00C04F79EFBC}") = "Bai07", "Bai07\Bai07.csproj", "{BB0ADCE3-27A2-450C-A4B2-37A85F23D0EC}"
EndProject
Project("{FAE04EC0-301F-11D3-BF4B-00C04F79EFBC}") = "Bai04", "Bai04\Bai04.csproj", "{EA9E9D1A-0900-4C2F-8C7F-E0BCD03D00B3}"
EndProject
Project("{FAE04EC0-301F-11D3-BF4B-00C04F79EFBC}") = "Bai05", "Bai05\Bai05.csproj", "{C401A2CF-0D09-4CDF-BF68-5AA7C92C5895}"
EndProject
Project("{FAE04EC0-301F-11D3-BF4B-00C04F79EFBC}") = "Bai06", "Bai06\Bai06.csproj", "{3A6BB0E0-EB13-4C53-A09D-CC61C95024B0}"
EndProject
Project("{FAE04EC0-301F-11D3-BF4B-00C04F79EFBC}") = "Bai09", "Bai09\Bai09.csproj", "{641BE7D6-F401-4590-8981-727D2E03D404}"
EndProject
Project("{FAE04EC0-301F-11D3-BF4B-00C04F79EFBC}") = "Bai10", "Bai10\Bai10.csproj", "{A056FA32-81EA-4730-BBBC-A9D107BF3B4E}"
EndProject
Project("{FAE04EC0-301F-11D3-BF4B-00C04F79EFBC}") = "Bai01", "Bai01\Bai01.csproj", "{A4726396-16C8-440C-8F7C-3306E85EA604}"
EndProject
Project("{FAE04EC0-301F-11D3-BF4B-00C04F79EFBC}") = "Bai02", "Bai02\Bai02.csproj", "{7F525E73-C53F-4182-B192-ACB219FF90E7}"
EndProject
Project("{FAE04EC0-301F-11D3-BF4B-00C04F79EFBC}") = "Bai08", "Bai08\Bai08.csproj", "{A467193C-B25B-4187-BBE4-970D850463C9}"
EndProject
Project("{FAE04EC0-301F-11D3-BF4B-00C04F79EFBC}") = "BasicAlgorithLab01", "BasicAlgorithLab1\BasicAlgorithLab01.csproj", "{61C66DA1-E3B4-43C5-8912-6F92D283BCA7}"
EndProject
Project("{FAE04EC0-301F-11D3-BF4B-00C04F79EFBC}") = "BasicStructLab01", "BasicStructLab01\BasicStructLab01.csproj", "{90AA8213-26F4-4004-875C-D1CF0CDB2D20}"
EndProject
Project("{FAE04EC0-301F-11D3-BF4B-00C04F79EFBC}") = "BasicStructLab02", "BasicStructLab02\BasicStructLab02.csproj", "{E249CB61-5C85-42A9-A866-180143ACC76A}"
EndProject
Project("{FAE04EC0-301F-11D3-BF4B-00C04F79EFBC}") = "BasicAbstractClassLab01", "BasicAbstractClassLab01\BasicAbstractClassLab01.csproj", "{83FE4C85-C1AA-4396-A58C-6C162F1706C3}"
EndProject
Project("{FAE04EC0-301F-11D3-BF4B-00C04F79EFBC}") = "BasicInterfaceLab01", "BasicInterfaceLab01\BasicInterfaceLab01.csproj", "{209225A4-A90F-473B-8861-D043CB81D935}"
EndProject
Project("{FAE04EC0-301F-11D3-BF4B-00C04F79EFBC}") = "BasicArrayLab01", "BasicArrayLab01\BasicArrayLab01.csproj", "{9A3E3670-61B7-4F8B-947D-C6B2FB1A2B8D}"
EndProject
Project("{FAE04EC0-301F-11D3-BF4B-00C04F79EFBC}") = "BasicArrayMultiDimensionLab01", "BasicArrayMultiDimensionLab01\BasicArrayMultiDimensionLab01.csproj", "{FEA97EA3-9DBF-444D-8483-6B43A6AA21B8}"
EndProject
Project("{FAE04EC0-301F-11D3-BF4B-00C04F79EFBC}") = "BasicStringLab01", "BasicStringLab01\BasicStringLab01.csproj", "{2452C117-1258-4A4D-B704-5A65998134F2}"
EndProject
Project("{FAE04EC0-301F-11D3-BF4B-00C04F79EFBC}") = "BasicGenericsLab01", "BasicGenericsLab01\BasicGenericsLab01.csproj", "{CC2DFD79-6DB1-4F79-BE17-FD0EA8DFB9EC}"
EndProject
Project("{FAE04EC0-301F-11D3-BF4B-00C04F79EFBC}") = "BasicFileInOutLab01", "BasicFileInOutLab01\BasicFileInOutLab01.csproj", "{41F6D3A0-721C-4B68-B066-5535D955374B}"
EndProject
Project("{FAE04EC0-301F-11D3-BF4B-00C04F79EFBC}") = "BasicDatabaseConnectionLab01", "BasicDatabaseConnectionLab01\BasicDatabaseConnectionLab01.csproj", "{A2DEB773-5262-4C98-A1E8-6659E5ED7660}"
EndProject
Project("{FAE04EC0-301F-11D3-BF4B-00C04F79EFBC}") = "BasicNestedClassLab01", "BasicNestedClassLab01\BasicNestedClassLab01.csproj", "{40579804-CFA8-419E-8053-32F413BC1B2C}"
EndProject
Project("{FAE04EC0-301F-11D3-BF4B-00C04F79EFBC}") = "Bai11", "Bai11\Bai11.csproj", "{5E850620-E699-4CFE-8F53-5CBF9D7F8290}"
EndProject
Project("{FAE04EC0-301F-11D3-BF4B-00C04F79EFBC}") = "Bai12", "Bai12\Bai12.csproj", "{FB4D5E83-24A0-4020-B786-A3499AAE94C2}"
EndProject
Project("{FAE04EC0-301F-11D3-BF4B-00C04F79EFBC}") = "Bai13", "Bai13\Bai13.csproj", "{73B2267A-0051-418D-9B48-9F66D0CF82A5}"
EndProject
Project("{FAE04EC0-301F-11D3-BF4B-00C04F79EFBC}") = "Bai14", "Bai14\Bai14.csproj", "{03DC1F17-69E3-4B00-A0C4-9F45B4388EC5}"
EndProject
Project("{FAE04EC0-301F-11D3-BF4B-00C04F79EFBC}") = "Bai15", "Bai15\Bai15.csproj", "{EB62187E-CBFB-4522-B9A5-9A20E1880F71}"
EndProject
Project("{FAE04EC0-301F-11D3-BF4B-00C04F79EFBC}") = "Bai16", "Bai16\Bai16.csproj", "{C64C2F9F-5E72-4E39-B186-48B2CC297DD3}"
EndProject
Project("{FAE04EC0-301F-11D3-BF4B-00C04F79EFBC}") = "Bai17", "Bai17\Bai17.csproj", "{EC478588-702C-45A9-B0C4-F3C98F5375DE}"
EndProject
Project("{FAE04EC0-301F-11D3-BF4B-00C04F79EFBC}") = "Bai18", "Bai18\Bai18.csproj", "{06BECEC4-98CC-4310-9959-14E607A2A8CD}"
EndProject
Project("{FAE04EC0-301F-11D3-BF4B-00C04F79EFBC}") = "Bai19", "Bai19\Bai19.csproj", "{2CBD8F1A-3F77-4C38-8C59-03EEC7F8C214}"
EndProject
Project("{FAE04EC0-301F-11D3-BF4B-00C04F79EFBC}") = "Bai20", "Bai20\Bai20.csproj", "{EC94EB12-E498-447B-80E2-6F20FAA4DBA4}"
EndProject
Project("{FAE04EC0-301F-11D3-BF4B-00C04F79EFBC}") = "Bai21", "Bai21\Bai21.csproj", "{CD260FE2-696A-49C8-BD56-71C9816F8BA4}"
EndProject
Project("{FAE04EC0-301F-11D3-BF4B-00C04F79EFBC}") = "Bai22", "Bai22\Bai22.csproj", "{EE9F498D-D8A2-4A82-A336-0C760BE83913}"
EndProject
Project("{FAE04EC0-301F-11D3-BF4B-00C04F79EFBC}") = "Bai23", "Bai23\Bai23.csproj", "{6FBEAEAD-96EF-4B1B-9E88-1B04B1321466}"
EndProject
Project("{FAE04EC0-301F-11D3-BF4B-00C04F79EFBC}") = "Bai24", "Bai24\Bai24.csproj", "{966B3DF1-2164-4AE3-81A9-65EE1F6952FF}"
EndProject
Project("{FAE04EC0-301F-11D3-BF4B-00C04F79EFBC}") = "Bai25", "Bai25\Bai25.csproj", "{138CFBB4-5F2B-44B6-BD7C-060C9EEF186C}"
EndProject
Project("{FAE04EC0-301F-11D3-BF4B-00C04F79EFBC}") = "Bai26", "Bai26\Bai26.csproj", "{0D7AB322-4DB1-41D6-A273-4EA351F95DEA}"
EndProject
Project("{FAE04EC0-301F-11D3-BF4B-00C04F79EFBC}") = "Bai27", "Bai27\Bai27.csproj", "{AE88AB69-313F-4788-811A-4281BD0BA6EB}"
EndProject
Project("{FAE04EC0-301F-11D3-BF4B-00C04F79EFBC}") = "Bai28", "Bai28\Bai28.csproj", "{748B3E4A-C03D-4B60-843D-6390F2F8D588}"
EndProject
Project("{FAE04EC0-301F-11D3-BF4B-00C04F79EFBC}") = "BasicScopeAndDeclarationSpaceLab01", "BasicScopeAndDeclarationSpaceLab01\BasicScopeAndDeclarationSpaceLab01.csproj", "{72F515FA-10C1-4F4B-B9C8-C79E1CD6CFDD}"
EndProject
Project("{2150E333-8FDC-42A3-9474-1A3956D46DE8}") = "Solution Items", "Solution Items", "{13573DE8-8E68-4B99-A9C5-AA396AABA3CA}"
	ProjectSection(SolutionItems) = preProject
		Author-Description.txt = Author-Description.txt
		Basic OOP.txt = Basic OOP.txt
		Practice.txt = Practice.txt
	EndProjectSection
EndProject
Project("{FAE04EC0-301F-11D3-BF4B-00C04F79EFBC}") = "Practice01", "Practice01\Practice01.csproj", "{A32CC782-8F8A-436A-BC5D-DCF89DE705C8}"
EndProject
Project("{FAE04EC0-301F-11D3-BF4B-00C04F79EFBC}") = "BasicConvertVariableType", "BasicConvertVariableType\BasicConvertVariableType.csproj", "{F1A9C048-448B-4787-8EAC-6D86CB273717}"
EndProject
Project("{FAE04EC0-301F-11D3-BF4B-00C04F79EFBC}") = "Practice02", "Practice02\Practice02.csproj", "{C210FA01-4C56-4DE9-A125-E8283A6CD0A3}"
EndProject
Project("{FAE04EC0-301F-11D3-BF4B-00C04F79EFBC}") = "BasicOOPLab01", "BasicOOPLab01\BasicOOPLab01.csproj", "{1F0582CA-090C-4927-89A3-27F13FE5EF0B}"
EndProject
Project("{FAE04EC0-301F-11D3-BF4B-00C04F79EFBC}") = "BasicOOPLab02", "BasicOOPLab02\BasicOOPLab02.csproj", "{C1B87D6B-EFD6-4006-9F23-3A2BA9E7A92D}"
EndProject
Project("{FAE04EC0-301F-11D3-BF4B-00C04F79EFBC}") = "Test", "Test\Test.csproj", "{500A1E09-15E3-4C87-9580-7A60A0B10A72}"
EndProject
<<<<<<< HEAD
Project("{FAE04EC0-301F-11D3-BF4B-00C04F79EFBC}") = "Practice03", "Practice03\Practice03.csproj", "{FC45A47D-48DF-4600-9B37-61BFD4A7C5C2}"
=======
Project("{FAE04EC0-301F-11D3-BF4B-00C04F79EFBC}") = "Practice04", "Practice04\Practice04.csproj", "{F1A8F016-5FD4-4B75-8AC3-4D71B3A5DB5F}"
>>>>>>> 7d8be22d5a112b8061af62b6f1769cc1c25413e6
EndProject
Global
	GlobalSection(SolutionConfigurationPlatforms) = preSolution
		Debug|Any CPU = Debug|Any CPU
		Release|Any CPU = Release|Any CPU
	EndGlobalSection
	GlobalSection(ProjectConfigurationPlatforms) = postSolution
		{41519E05-24E4-4D87-9DA5-84103D787506}.Debug|Any CPU.ActiveCfg = Debug|Any CPU
		{41519E05-24E4-4D87-9DA5-84103D787506}.Debug|Any CPU.Build.0 = Debug|Any CPU
		{41519E05-24E4-4D87-9DA5-84103D787506}.Release|Any CPU.ActiveCfg = Release|Any CPU
		{41519E05-24E4-4D87-9DA5-84103D787506}.Release|Any CPU.Build.0 = Release|Any CPU
		{BB0ADCE3-27A2-450C-A4B2-37A85F23D0EC}.Debug|Any CPU.ActiveCfg = Debug|Any CPU
		{BB0ADCE3-27A2-450C-A4B2-37A85F23D0EC}.Debug|Any CPU.Build.0 = Debug|Any CPU
		{BB0ADCE3-27A2-450C-A4B2-37A85F23D0EC}.Release|Any CPU.ActiveCfg = Release|Any CPU
		{BB0ADCE3-27A2-450C-A4B2-37A85F23D0EC}.Release|Any CPU.Build.0 = Release|Any CPU
		{EA9E9D1A-0900-4C2F-8C7F-E0BCD03D00B3}.Debug|Any CPU.ActiveCfg = Debug|Any CPU
		{EA9E9D1A-0900-4C2F-8C7F-E0BCD03D00B3}.Debug|Any CPU.Build.0 = Debug|Any CPU
		{EA9E9D1A-0900-4C2F-8C7F-E0BCD03D00B3}.Release|Any CPU.ActiveCfg = Release|Any CPU
		{EA9E9D1A-0900-4C2F-8C7F-E0BCD03D00B3}.Release|Any CPU.Build.0 = Release|Any CPU
		{C401A2CF-0D09-4CDF-BF68-5AA7C92C5895}.Debug|Any CPU.ActiveCfg = Debug|Any CPU
		{C401A2CF-0D09-4CDF-BF68-5AA7C92C5895}.Debug|Any CPU.Build.0 = Debug|Any CPU
		{C401A2CF-0D09-4CDF-BF68-5AA7C92C5895}.Release|Any CPU.ActiveCfg = Release|Any CPU
		{C401A2CF-0D09-4CDF-BF68-5AA7C92C5895}.Release|Any CPU.Build.0 = Release|Any CPU
		{3A6BB0E0-EB13-4C53-A09D-CC61C95024B0}.Debug|Any CPU.ActiveCfg = Debug|Any CPU
		{3A6BB0E0-EB13-4C53-A09D-CC61C95024B0}.Debug|Any CPU.Build.0 = Debug|Any CPU
		{3A6BB0E0-EB13-4C53-A09D-CC61C95024B0}.Release|Any CPU.ActiveCfg = Release|Any CPU
		{3A6BB0E0-EB13-4C53-A09D-CC61C95024B0}.Release|Any CPU.Build.0 = Release|Any CPU
		{641BE7D6-F401-4590-8981-727D2E03D404}.Debug|Any CPU.ActiveCfg = Debug|Any CPU
		{641BE7D6-F401-4590-8981-727D2E03D404}.Debug|Any CPU.Build.0 = Debug|Any CPU
		{641BE7D6-F401-4590-8981-727D2E03D404}.Release|Any CPU.ActiveCfg = Release|Any CPU
		{641BE7D6-F401-4590-8981-727D2E03D404}.Release|Any CPU.Build.0 = Release|Any CPU
		{A056FA32-81EA-4730-BBBC-A9D107BF3B4E}.Debug|Any CPU.ActiveCfg = Debug|Any CPU
		{A056FA32-81EA-4730-BBBC-A9D107BF3B4E}.Debug|Any CPU.Build.0 = Debug|Any CPU
		{A056FA32-81EA-4730-BBBC-A9D107BF3B4E}.Release|Any CPU.ActiveCfg = Release|Any CPU
		{A056FA32-81EA-4730-BBBC-A9D107BF3B4E}.Release|Any CPU.Build.0 = Release|Any CPU
		{A4726396-16C8-440C-8F7C-3306E85EA604}.Debug|Any CPU.ActiveCfg = Debug|Any CPU
		{A4726396-16C8-440C-8F7C-3306E85EA604}.Debug|Any CPU.Build.0 = Debug|Any CPU
		{A4726396-16C8-440C-8F7C-3306E85EA604}.Release|Any CPU.ActiveCfg = Release|Any CPU
		{A4726396-16C8-440C-8F7C-3306E85EA604}.Release|Any CPU.Build.0 = Release|Any CPU
		{7F525E73-C53F-4182-B192-ACB219FF90E7}.Debug|Any CPU.ActiveCfg = Debug|Any CPU
		{7F525E73-C53F-4182-B192-ACB219FF90E7}.Debug|Any CPU.Build.0 = Debug|Any CPU
		{7F525E73-C53F-4182-B192-ACB219FF90E7}.Release|Any CPU.ActiveCfg = Release|Any CPU
		{7F525E73-C53F-4182-B192-ACB219FF90E7}.Release|Any CPU.Build.0 = Release|Any CPU
		{A467193C-B25B-4187-BBE4-970D850463C9}.Debug|Any CPU.ActiveCfg = Debug|Any CPU
		{A467193C-B25B-4187-BBE4-970D850463C9}.Debug|Any CPU.Build.0 = Debug|Any CPU
		{A467193C-B25B-4187-BBE4-970D850463C9}.Release|Any CPU.ActiveCfg = Release|Any CPU
		{A467193C-B25B-4187-BBE4-970D850463C9}.Release|Any CPU.Build.0 = Release|Any CPU
		{61C66DA1-E3B4-43C5-8912-6F92D283BCA7}.Debug|Any CPU.ActiveCfg = Debug|Any CPU
		{61C66DA1-E3B4-43C5-8912-6F92D283BCA7}.Debug|Any CPU.Build.0 = Debug|Any CPU
		{61C66DA1-E3B4-43C5-8912-6F92D283BCA7}.Release|Any CPU.ActiveCfg = Release|Any CPU
		{61C66DA1-E3B4-43C5-8912-6F92D283BCA7}.Release|Any CPU.Build.0 = Release|Any CPU
		{90AA8213-26F4-4004-875C-D1CF0CDB2D20}.Debug|Any CPU.ActiveCfg = Debug|Any CPU
		{90AA8213-26F4-4004-875C-D1CF0CDB2D20}.Debug|Any CPU.Build.0 = Debug|Any CPU
		{90AA8213-26F4-4004-875C-D1CF0CDB2D20}.Release|Any CPU.ActiveCfg = Release|Any CPU
		{90AA8213-26F4-4004-875C-D1CF0CDB2D20}.Release|Any CPU.Build.0 = Release|Any CPU
		{E249CB61-5C85-42A9-A866-180143ACC76A}.Debug|Any CPU.ActiveCfg = Debug|Any CPU
		{E249CB61-5C85-42A9-A866-180143ACC76A}.Debug|Any CPU.Build.0 = Debug|Any CPU
		{E249CB61-5C85-42A9-A866-180143ACC76A}.Release|Any CPU.ActiveCfg = Release|Any CPU
		{E249CB61-5C85-42A9-A866-180143ACC76A}.Release|Any CPU.Build.0 = Release|Any CPU
		{83FE4C85-C1AA-4396-A58C-6C162F1706C3}.Debug|Any CPU.ActiveCfg = Debug|Any CPU
		{83FE4C85-C1AA-4396-A58C-6C162F1706C3}.Debug|Any CPU.Build.0 = Debug|Any CPU
		{83FE4C85-C1AA-4396-A58C-6C162F1706C3}.Release|Any CPU.ActiveCfg = Release|Any CPU
		{83FE4C85-C1AA-4396-A58C-6C162F1706C3}.Release|Any CPU.Build.0 = Release|Any CPU
		{209225A4-A90F-473B-8861-D043CB81D935}.Debug|Any CPU.ActiveCfg = Debug|Any CPU
		{209225A4-A90F-473B-8861-D043CB81D935}.Debug|Any CPU.Build.0 = Debug|Any CPU
		{209225A4-A90F-473B-8861-D043CB81D935}.Release|Any CPU.ActiveCfg = Release|Any CPU
		{209225A4-A90F-473B-8861-D043CB81D935}.Release|Any CPU.Build.0 = Release|Any CPU
		{9A3E3670-61B7-4F8B-947D-C6B2FB1A2B8D}.Debug|Any CPU.ActiveCfg = Debug|Any CPU
		{9A3E3670-61B7-4F8B-947D-C6B2FB1A2B8D}.Debug|Any CPU.Build.0 = Debug|Any CPU
		{9A3E3670-61B7-4F8B-947D-C6B2FB1A2B8D}.Release|Any CPU.ActiveCfg = Release|Any CPU
		{9A3E3670-61B7-4F8B-947D-C6B2FB1A2B8D}.Release|Any CPU.Build.0 = Release|Any CPU
		{FEA97EA3-9DBF-444D-8483-6B43A6AA21B8}.Debug|Any CPU.ActiveCfg = Debug|Any CPU
		{FEA97EA3-9DBF-444D-8483-6B43A6AA21B8}.Debug|Any CPU.Build.0 = Debug|Any CPU
		{FEA97EA3-9DBF-444D-8483-6B43A6AA21B8}.Release|Any CPU.ActiveCfg = Release|Any CPU
		{FEA97EA3-9DBF-444D-8483-6B43A6AA21B8}.Release|Any CPU.Build.0 = Release|Any CPU
		{2452C117-1258-4A4D-B704-5A65998134F2}.Debug|Any CPU.ActiveCfg = Debug|Any CPU
		{2452C117-1258-4A4D-B704-5A65998134F2}.Debug|Any CPU.Build.0 = Debug|Any CPU
		{2452C117-1258-4A4D-B704-5A65998134F2}.Release|Any CPU.ActiveCfg = Release|Any CPU
		{2452C117-1258-4A4D-B704-5A65998134F2}.Release|Any CPU.Build.0 = Release|Any CPU
		{CC2DFD79-6DB1-4F79-BE17-FD0EA8DFB9EC}.Debug|Any CPU.ActiveCfg = Debug|Any CPU
		{CC2DFD79-6DB1-4F79-BE17-FD0EA8DFB9EC}.Debug|Any CPU.Build.0 = Debug|Any CPU
		{CC2DFD79-6DB1-4F79-BE17-FD0EA8DFB9EC}.Release|Any CPU.ActiveCfg = Release|Any CPU
		{CC2DFD79-6DB1-4F79-BE17-FD0EA8DFB9EC}.Release|Any CPU.Build.0 = Release|Any CPU
		{41F6D3A0-721C-4B68-B066-5535D955374B}.Debug|Any CPU.ActiveCfg = Debug|Any CPU
		{41F6D3A0-721C-4B68-B066-5535D955374B}.Debug|Any CPU.Build.0 = Debug|Any CPU
		{41F6D3A0-721C-4B68-B066-5535D955374B}.Release|Any CPU.ActiveCfg = Release|Any CPU
		{41F6D3A0-721C-4B68-B066-5535D955374B}.Release|Any CPU.Build.0 = Release|Any CPU
		{A2DEB773-5262-4C98-A1E8-6659E5ED7660}.Debug|Any CPU.ActiveCfg = Debug|Any CPU
		{A2DEB773-5262-4C98-A1E8-6659E5ED7660}.Debug|Any CPU.Build.0 = Debug|Any CPU
		{A2DEB773-5262-4C98-A1E8-6659E5ED7660}.Release|Any CPU.ActiveCfg = Release|Any CPU
		{A2DEB773-5262-4C98-A1E8-6659E5ED7660}.Release|Any CPU.Build.0 = Release|Any CPU
		{40579804-CFA8-419E-8053-32F413BC1B2C}.Debug|Any CPU.ActiveCfg = Debug|Any CPU
		{40579804-CFA8-419E-8053-32F413BC1B2C}.Debug|Any CPU.Build.0 = Debug|Any CPU
		{40579804-CFA8-419E-8053-32F413BC1B2C}.Release|Any CPU.ActiveCfg = Release|Any CPU
		{40579804-CFA8-419E-8053-32F413BC1B2C}.Release|Any CPU.Build.0 = Release|Any CPU
		{5E850620-E699-4CFE-8F53-5CBF9D7F8290}.Debug|Any CPU.ActiveCfg = Debug|Any CPU
		{5E850620-E699-4CFE-8F53-5CBF9D7F8290}.Debug|Any CPU.Build.0 = Debug|Any CPU
		{5E850620-E699-4CFE-8F53-5CBF9D7F8290}.Release|Any CPU.ActiveCfg = Release|Any CPU
		{5E850620-E699-4CFE-8F53-5CBF9D7F8290}.Release|Any CPU.Build.0 = Release|Any CPU
		{FB4D5E83-24A0-4020-B786-A3499AAE94C2}.Debug|Any CPU.ActiveCfg = Debug|Any CPU
		{FB4D5E83-24A0-4020-B786-A3499AAE94C2}.Debug|Any CPU.Build.0 = Debug|Any CPU
		{FB4D5E83-24A0-4020-B786-A3499AAE94C2}.Release|Any CPU.ActiveCfg = Release|Any CPU
		{FB4D5E83-24A0-4020-B786-A3499AAE94C2}.Release|Any CPU.Build.0 = Release|Any CPU
		{73B2267A-0051-418D-9B48-9F66D0CF82A5}.Debug|Any CPU.ActiveCfg = Debug|Any CPU
		{73B2267A-0051-418D-9B48-9F66D0CF82A5}.Debug|Any CPU.Build.0 = Debug|Any CPU
		{73B2267A-0051-418D-9B48-9F66D0CF82A5}.Release|Any CPU.ActiveCfg = Release|Any CPU
		{73B2267A-0051-418D-9B48-9F66D0CF82A5}.Release|Any CPU.Build.0 = Release|Any CPU
		{03DC1F17-69E3-4B00-A0C4-9F45B4388EC5}.Debug|Any CPU.ActiveCfg = Debug|Any CPU
		{03DC1F17-69E3-4B00-A0C4-9F45B4388EC5}.Debug|Any CPU.Build.0 = Debug|Any CPU
		{03DC1F17-69E3-4B00-A0C4-9F45B4388EC5}.Release|Any CPU.ActiveCfg = Release|Any CPU
		{03DC1F17-69E3-4B00-A0C4-9F45B4388EC5}.Release|Any CPU.Build.0 = Release|Any CPU
		{EB62187E-CBFB-4522-B9A5-9A20E1880F71}.Debug|Any CPU.ActiveCfg = Debug|Any CPU
		{EB62187E-CBFB-4522-B9A5-9A20E1880F71}.Debug|Any CPU.Build.0 = Debug|Any CPU
		{EB62187E-CBFB-4522-B9A5-9A20E1880F71}.Release|Any CPU.ActiveCfg = Release|Any CPU
		{EB62187E-CBFB-4522-B9A5-9A20E1880F71}.Release|Any CPU.Build.0 = Release|Any CPU
		{C64C2F9F-5E72-4E39-B186-48B2CC297DD3}.Debug|Any CPU.ActiveCfg = Debug|Any CPU
		{C64C2F9F-5E72-4E39-B186-48B2CC297DD3}.Debug|Any CPU.Build.0 = Debug|Any CPU
		{C64C2F9F-5E72-4E39-B186-48B2CC297DD3}.Release|Any CPU.ActiveCfg = Release|Any CPU
		{C64C2F9F-5E72-4E39-B186-48B2CC297DD3}.Release|Any CPU.Build.0 = Release|Any CPU
		{EC478588-702C-45A9-B0C4-F3C98F5375DE}.Debug|Any CPU.ActiveCfg = Debug|Any CPU
		{EC478588-702C-45A9-B0C4-F3C98F5375DE}.Debug|Any CPU.Build.0 = Debug|Any CPU
		{EC478588-702C-45A9-B0C4-F3C98F5375DE}.Release|Any CPU.ActiveCfg = Release|Any CPU
		{EC478588-702C-45A9-B0C4-F3C98F5375DE}.Release|Any CPU.Build.0 = Release|Any CPU
		{06BECEC4-98CC-4310-9959-14E607A2A8CD}.Debug|Any CPU.ActiveCfg = Debug|Any CPU
		{06BECEC4-98CC-4310-9959-14E607A2A8CD}.Debug|Any CPU.Build.0 = Debug|Any CPU
		{06BECEC4-98CC-4310-9959-14E607A2A8CD}.Release|Any CPU.ActiveCfg = Release|Any CPU
		{06BECEC4-98CC-4310-9959-14E607A2A8CD}.Release|Any CPU.Build.0 = Release|Any CPU
		{2CBD8F1A-3F77-4C38-8C59-03EEC7F8C214}.Debug|Any CPU.ActiveCfg = Debug|Any CPU
		{2CBD8F1A-3F77-4C38-8C59-03EEC7F8C214}.Debug|Any CPU.Build.0 = Debug|Any CPU
		{2CBD8F1A-3F77-4C38-8C59-03EEC7F8C214}.Release|Any CPU.ActiveCfg = Release|Any CPU
		{2CBD8F1A-3F77-4C38-8C59-03EEC7F8C214}.Release|Any CPU.Build.0 = Release|Any CPU
		{EC94EB12-E498-447B-80E2-6F20FAA4DBA4}.Debug|Any CPU.ActiveCfg = Debug|Any CPU
		{EC94EB12-E498-447B-80E2-6F20FAA4DBA4}.Debug|Any CPU.Build.0 = Debug|Any CPU
		{EC94EB12-E498-447B-80E2-6F20FAA4DBA4}.Release|Any CPU.ActiveCfg = Release|Any CPU
		{EC94EB12-E498-447B-80E2-6F20FAA4DBA4}.Release|Any CPU.Build.0 = Release|Any CPU
		{CD260FE2-696A-49C8-BD56-71C9816F8BA4}.Debug|Any CPU.ActiveCfg = Debug|Any CPU
		{CD260FE2-696A-49C8-BD56-71C9816F8BA4}.Debug|Any CPU.Build.0 = Debug|Any CPU
		{CD260FE2-696A-49C8-BD56-71C9816F8BA4}.Release|Any CPU.ActiveCfg = Release|Any CPU
		{CD260FE2-696A-49C8-BD56-71C9816F8BA4}.Release|Any CPU.Build.0 = Release|Any CPU
		{EE9F498D-D8A2-4A82-A336-0C760BE83913}.Debug|Any CPU.ActiveCfg = Debug|Any CPU
		{EE9F498D-D8A2-4A82-A336-0C760BE83913}.Debug|Any CPU.Build.0 = Debug|Any CPU
		{EE9F498D-D8A2-4A82-A336-0C760BE83913}.Release|Any CPU.ActiveCfg = Release|Any CPU
		{EE9F498D-D8A2-4A82-A336-0C760BE83913}.Release|Any CPU.Build.0 = Release|Any CPU
		{6FBEAEAD-96EF-4B1B-9E88-1B04B1321466}.Debug|Any CPU.ActiveCfg = Debug|Any CPU
		{6FBEAEAD-96EF-4B1B-9E88-1B04B1321466}.Debug|Any CPU.Build.0 = Debug|Any CPU
		{6FBEAEAD-96EF-4B1B-9E88-1B04B1321466}.Release|Any CPU.ActiveCfg = Release|Any CPU
		{6FBEAEAD-96EF-4B1B-9E88-1B04B1321466}.Release|Any CPU.Build.0 = Release|Any CPU
		{966B3DF1-2164-4AE3-81A9-65EE1F6952FF}.Debug|Any CPU.ActiveCfg = Debug|Any CPU
		{966B3DF1-2164-4AE3-81A9-65EE1F6952FF}.Debug|Any CPU.Build.0 = Debug|Any CPU
		{966B3DF1-2164-4AE3-81A9-65EE1F6952FF}.Release|Any CPU.ActiveCfg = Release|Any CPU
		{966B3DF1-2164-4AE3-81A9-65EE1F6952FF}.Release|Any CPU.Build.0 = Release|Any CPU
		{138CFBB4-5F2B-44B6-BD7C-060C9EEF186C}.Debug|Any CPU.ActiveCfg = Debug|Any CPU
		{138CFBB4-5F2B-44B6-BD7C-060C9EEF186C}.Debug|Any CPU.Build.0 = Debug|Any CPU
		{138CFBB4-5F2B-44B6-BD7C-060C9EEF186C}.Release|Any CPU.ActiveCfg = Release|Any CPU
		{138CFBB4-5F2B-44B6-BD7C-060C9EEF186C}.Release|Any CPU.Build.0 = Release|Any CPU
		{0D7AB322-4DB1-41D6-A273-4EA351F95DEA}.Debug|Any CPU.ActiveCfg = Debug|Any CPU
		{0D7AB322-4DB1-41D6-A273-4EA351F95DEA}.Debug|Any CPU.Build.0 = Debug|Any CPU
		{0D7AB322-4DB1-41D6-A273-4EA351F95DEA}.Release|Any CPU.ActiveCfg = Release|Any CPU
		{0D7AB322-4DB1-41D6-A273-4EA351F95DEA}.Release|Any CPU.Build.0 = Release|Any CPU
		{AE88AB69-313F-4788-811A-4281BD0BA6EB}.Debug|Any CPU.ActiveCfg = Debug|Any CPU
		{AE88AB69-313F-4788-811A-4281BD0BA6EB}.Debug|Any CPU.Build.0 = Debug|Any CPU
		{AE88AB69-313F-4788-811A-4281BD0BA6EB}.Release|Any CPU.ActiveCfg = Release|Any CPU
		{AE88AB69-313F-4788-811A-4281BD0BA6EB}.Release|Any CPU.Build.0 = Release|Any CPU
		{748B3E4A-C03D-4B60-843D-6390F2F8D588}.Debug|Any CPU.ActiveCfg = Debug|Any CPU
		{748B3E4A-C03D-4B60-843D-6390F2F8D588}.Debug|Any CPU.Build.0 = Debug|Any CPU
		{748B3E4A-C03D-4B60-843D-6390F2F8D588}.Release|Any CPU.ActiveCfg = Release|Any CPU
		{748B3E4A-C03D-4B60-843D-6390F2F8D588}.Release|Any CPU.Build.0 = Release|Any CPU
		{72F515FA-10C1-4F4B-B9C8-C79E1CD6CFDD}.Debug|Any CPU.ActiveCfg = Debug|Any CPU
		{72F515FA-10C1-4F4B-B9C8-C79E1CD6CFDD}.Debug|Any CPU.Build.0 = Debug|Any CPU
		{72F515FA-10C1-4F4B-B9C8-C79E1CD6CFDD}.Release|Any CPU.ActiveCfg = Release|Any CPU
		{72F515FA-10C1-4F4B-B9C8-C79E1CD6CFDD}.Release|Any CPU.Build.0 = Release|Any CPU
		{A32CC782-8F8A-436A-BC5D-DCF89DE705C8}.Debug|Any CPU.ActiveCfg = Debug|Any CPU
		{A32CC782-8F8A-436A-BC5D-DCF89DE705C8}.Debug|Any CPU.Build.0 = Debug|Any CPU
		{A32CC782-8F8A-436A-BC5D-DCF89DE705C8}.Release|Any CPU.ActiveCfg = Release|Any CPU
		{A32CC782-8F8A-436A-BC5D-DCF89DE705C8}.Release|Any CPU.Build.0 = Release|Any CPU
		{F1A9C048-448B-4787-8EAC-6D86CB273717}.Debug|Any CPU.ActiveCfg = Debug|Any CPU
		{F1A9C048-448B-4787-8EAC-6D86CB273717}.Debug|Any CPU.Build.0 = Debug|Any CPU
		{F1A9C048-448B-4787-8EAC-6D86CB273717}.Release|Any CPU.ActiveCfg = Release|Any CPU
		{F1A9C048-448B-4787-8EAC-6D86CB273717}.Release|Any CPU.Build.0 = Release|Any CPU
		{C210FA01-4C56-4DE9-A125-E8283A6CD0A3}.Debug|Any CPU.ActiveCfg = Debug|Any CPU
		{C210FA01-4C56-4DE9-A125-E8283A6CD0A3}.Debug|Any CPU.Build.0 = Debug|Any CPU
		{C210FA01-4C56-4DE9-A125-E8283A6CD0A3}.Release|Any CPU.ActiveCfg = Release|Any CPU
		{C210FA01-4C56-4DE9-A125-E8283A6CD0A3}.Release|Any CPU.Build.0 = Release|Any CPU
		{1F0582CA-090C-4927-89A3-27F13FE5EF0B}.Debug|Any CPU.ActiveCfg = Debug|Any CPU
		{1F0582CA-090C-4927-89A3-27F13FE5EF0B}.Debug|Any CPU.Build.0 = Debug|Any CPU
		{1F0582CA-090C-4927-89A3-27F13FE5EF0B}.Release|Any CPU.ActiveCfg = Release|Any CPU
		{1F0582CA-090C-4927-89A3-27F13FE5EF0B}.Release|Any CPU.Build.0 = Release|Any CPU
		{C1B87D6B-EFD6-4006-9F23-3A2BA9E7A92D}.Debug|Any CPU.ActiveCfg = Debug|Any CPU
		{C1B87D6B-EFD6-4006-9F23-3A2BA9E7A92D}.Debug|Any CPU.Build.0 = Debug|Any CPU
		{C1B87D6B-EFD6-4006-9F23-3A2BA9E7A92D}.Release|Any CPU.ActiveCfg = Release|Any CPU
		{C1B87D6B-EFD6-4006-9F23-3A2BA9E7A92D}.Release|Any CPU.Build.0 = Release|Any CPU
		{500A1E09-15E3-4C87-9580-7A60A0B10A72}.Debug|Any CPU.ActiveCfg = Debug|Any CPU
		{500A1E09-15E3-4C87-9580-7A60A0B10A72}.Debug|Any CPU.Build.0 = Debug|Any CPU
		{500A1E09-15E3-4C87-9580-7A60A0B10A72}.Release|Any CPU.ActiveCfg = Release|Any CPU
		{500A1E09-15E3-4C87-9580-7A60A0B10A72}.Release|Any CPU.Build.0 = Release|Any CPU
<<<<<<< HEAD
		{FC45A47D-48DF-4600-9B37-61BFD4A7C5C2}.Debug|Any CPU.ActiveCfg = Debug|Any CPU
		{FC45A47D-48DF-4600-9B37-61BFD4A7C5C2}.Debug|Any CPU.Build.0 = Debug|Any CPU
		{FC45A47D-48DF-4600-9B37-61BFD4A7C5C2}.Release|Any CPU.ActiveCfg = Release|Any CPU
		{FC45A47D-48DF-4600-9B37-61BFD4A7C5C2}.Release|Any CPU.Build.0 = Release|Any CPU
=======
		{F1A8F016-5FD4-4B75-8AC3-4D71B3A5DB5F}.Debug|Any CPU.ActiveCfg = Debug|Any CPU
		{F1A8F016-5FD4-4B75-8AC3-4D71B3A5DB5F}.Debug|Any CPU.Build.0 = Debug|Any CPU
		{F1A8F016-5FD4-4B75-8AC3-4D71B3A5DB5F}.Release|Any CPU.ActiveCfg = Release|Any CPU
		{F1A8F016-5FD4-4B75-8AC3-4D71B3A5DB5F}.Release|Any CPU.Build.0 = Release|Any CPU
>>>>>>> 7d8be22d5a112b8061af62b6f1769cc1c25413e6
	EndGlobalSection
	GlobalSection(SolutionProperties) = preSolution
		HideSolutionNode = FALSE
	EndGlobalSection
	GlobalSection(ExtensibilityGlobals) = postSolution
		SolutionGuid = {92DF80B2-97C3-438D-A9B7-42A07873B6E0}
	EndGlobalSection
EndGlobal
